Microsoft Visual Studio Solution File, Format Version 12.00
# Visual Studio 2013
VisualStudioVersion = 12.0.31101.0
MinimumVisualStudioVersion = 10.0.40219.1
Project("{FAE04EC0-301F-11D3-BF4B-00C04F79EFBC}") = "CampervibeSso.WebApi", "CampervibeSso.WebApi\CampervibeSso.WebApi.csproj", "{DBB7B7B6-D13C-43E4-896D-23BB1FB13D62}"
EndProject
Project("{FAE04EC0-301F-11D3-BF4B-00C04F79EFBC}") = "CampervibeSso.Ng", "CampervibeSso.Ng\CampervibeSso.Ng.csproj", "{7613C7C3-A56E-4C94-AD23-34C1AEDDA9F4}"
EndProject
Project("{FAE04EC0-301F-11D3-BF4B-00C04F79EFBC}") = "CampervibeSso.TestResource.WebApi", "CampervibeSso.TestResource.WebApi\CampervibeSso.TestResource.WebApi.csproj", "{5B68A348-206A-4D1A-9090-1AB3C14CE8E7}"
EndProject
Project("{FAE04EC0-301F-11D3-BF4B-00C04F79EFBC}") = "CampervibeSso.TestResouce2.WebApi", "CampervibeSso.TestResouce2.WebApi\CampervibeSso.TestResouce2.WebApi.csproj", "{2E90C997-86DC-4D66-B7A4-C70D3019B628}"
EndProject
Global
	GlobalSection(SolutionConfigurationPlatforms) = preSolution
		Debug|Any CPU = Debug|Any CPU
		Release|Any CPU = Release|Any CPU
	EndGlobalSection
	GlobalSection(ProjectConfigurationPlatforms) = postSolution
		{DBB7B7B6-D13C-43E4-896D-23BB1FB13D62}.Debug|Any CPU.ActiveCfg = Debug|Any CPU
		{DBB7B7B6-D13C-43E4-896D-23BB1FB13D62}.Debug|Any CPU.Build.0 = Debug|Any CPU
		{DBB7B7B6-D13C-43E4-896D-23BB1FB13D62}.Release|Any CPU.ActiveCfg = Release|Any CPU
		{DBB7B7B6-D13C-43E4-896D-23BB1FB13D62}.Release|Any CPU.Build.0 = Release|Any CPU
		{7613C7C3-A56E-4C94-AD23-34C1AEDDA9F4}.Debug|Any CPU.ActiveCfg = Debug|Any CPU
		{7613C7C3-A56E-4C94-AD23-34C1AEDDA9F4}.Debug|Any CPU.Build.0 = Debug|Any CPU
		{7613C7C3-A56E-4C94-AD23-34C1AEDDA9F4}.Release|Any CPU.ActiveCfg = Release|Any CPU
		{7613C7C3-A56E-4C94-AD23-34C1AEDDA9F4}.Release|Any CPU.Build.0 = Release|Any CPU
		{5B68A348-206A-4D1A-9090-1AB3C14CE8E7}.Debug|Any CPU.ActiveCfg = Debug|Any CPU
		{5B68A348-206A-4D1A-9090-1AB3C14CE8E7}.Debug|Any CPU.Build.0 = Debug|Any CPU
		{5B68A348-206A-4D1A-9090-1AB3C14CE8E7}.Release|Any CPU.ActiveCfg = Release|Any CPU
		{5B68A348-206A-4D1A-9090-1AB3C14CE8E7}.Release|Any CPU.Build.0 = Release|Any CPU
		{2E90C997-86DC-4D66-B7A4-C70D3019B628}.Debug|Any CPU.ActiveCfg = Debug|Any CPU
		{2E90C997-86DC-4D66-B7A4-C70D3019B628}.Debug|Any CPU.Build.0 = Debug|Any CPU
		{2E90C997-86DC-4D66-B7A4-C70D3019B628}.Release|Any CPU.ActiveCfg = Release|Any CPU
		{2E90C997-86DC-4D66-B7A4-C70D3019B628}.Release|Any CPU.Build.0 = Release|Any CPU
	EndGlobalSection
	GlobalSection(SolutionProperties) = preSolution
		HideSolutionNode = FALSE
	EndGlobalSection
EndGlobal
